{
  "name": "s2jsfinal",
  "version": "1.0.0",
  "lockfileVersion": 2,
  "requires": true,
  "packages": {
    "": {
      "name": "s2jsfinal",
      "version": "1.0.0",
      "license": "ISC",
      "dependencies": {
        "moment": "^2.29.3",
        "momentjs": "^2.0.0",
        "sweetalert2": "^11.4.8"
      }
    },
    "node_modules/moment": {
      "version": "2.29.3",
      "resolved": "https://registry.npmjs.org/moment/-/moment-2.29.3.tgz",
      "integrity": "sha512-c6YRvhEo//6T2Jz/vVtYzqBzwvPT95JBQ+smCytzf7c50oMZRsR/a4w88aD34I+/QVSfnoAnSBFPJHItlOMJVw==",
      "engines": {
        "node": "*"
      }
    },
    "node_modules/momentjs": {
      "version": "2.0.0",
      "resolved": "https://registry.npmjs.org/momentjs/-/momentjs-2.0.0.tgz",
      "integrity": "sha1-c9+QS0+kGPbjxgXoMc727VUY69Q=",
      "deprecated": "WARNING: The correct package name for Moment.js is 'moment', not 'momentjs'."
    },
    "node_modules/sweetalert2": {
      "version": "11.4.8",
      "resolved": "https://registry.npmjs.org/sweetalert2/-/sweetalert2-11.4.8.tgz",
      "integrity": "sha512-BDS/+E8RwaekGSxCPUbPnsRAyQ439gtXkTF/s98vY2l9DaVEOMjGj1FaQSorfGREKsbbxGSP7UXboibL5vgTMA==",
      "funding": {
        "type": "individual",
        "url": "https://sweetalert2.github.io/#donations"
      }
    }
  },
  "dependencies": {
    "moment": {
      "version": "2.29.3",
      "resolved": "https://registry.npmjs.org/moment/-/moment-2.29.3.tgz",
      "integrity": "sha512-c6YRvhEo//6T2Jz/vVtYzqBzwvPT95JBQ+smCytzf7c50oMZRsR/a4w88aD34I+/QVSfnoAnSBFPJHItlOMJVw=="
    },
    "momentjs": {
      "version": "2.0.0",
      "resolved": "https://registry.npmjs.org/momentjs/-/momentjs-2.0.0.tgz",
      "integrity": "sha1-c9+QS0+kGPbjxgXoMc727VUY69Q="
    },
    "sweetalert2": {
      "version": "11.4.8",
      "resolved": "https://registry.npmjs.org/sweetalert2/-/sweetalert2-11.4.8.tgz",
      "integrity": "sha512-BDS/+E8RwaekGSxCPUbPnsRAyQ439gtXkTF/s98vY2l9DaVEOMjGj1FaQSorfGREKsbbxGSP7UXboibL5vgTMA=="
    }
  }
}
